
Microsoft Visual Studio Solution File, Format Version 12.00
# Visual Studio 15
VisualStudioVersion = 15.0.28307.136
MinimumVisualStudioVersion = 10.0.40219.1
Project("{FAE04EC0-301F-11D3-BF4B-00C04F79EFBC}") = "JobHunt", "JobHunt\JobHunt.csproj", "{13B718AA-A006-42D8-8919-A6E5606B5E31}"
EndProject
Global
	GlobalSection(SolutionConfigurationPlatforms) = preSolution
		Debug|Any CPU = Debug|Any CPU
		Release|Any CPU = Release|Any CPU
	EndGlobalSection
	GlobalSection(ProjectConfigurationPlatforms) = postSolution
		{13B718AA-A006-42D8-8919-A6E5606B5E31}.Debug|Any CPU.ActiveCfg = Debug|Any CPU
		{13B718AA-A006-42D8-8919-A6E5606B5E31}.Debug|Any CPU.Build.0 = Debug|Any CPU
		{13B718AA-A006-42D8-8919-A6E5606B5E31}.Release|Any CPU.ActiveCfg = Release|Any CPU
		{13B718AA-A006-42D8-8919-A6E5606B5E31}.Release|Any CPU.Build.0 = Release|Any CPU
	EndGlobalSection
	GlobalSection(SolutionProperties) = preSolution
		HideSolutionNode = FALSE
	EndGlobalSection
	GlobalSection(ExtensibilityGlobals) = postSolution
		SolutionGuid = {E13CEBC3-E93D-4298-9099-8985B426E972}
	EndGlobalSection
EndGlobal
